
Microsoft Visual Studio Solution File, Format Version 11.00
# Visual Studio 2010
Project("{FAE04EC0-301F-11D3-BF4B-00C04F79EFBC}") = "Proxy.Infrastructure", "Source\Infrastructure\Proxy.Infrastructure.csproj", "{37F8ADA9-1888-4D09-84B3-95A2E028A7B8}"
EndProject
Project("{FAE04EC0-301F-11D3-BF4B-00C04F79EFBC}") = "Proxy.Service", "Source\Proxy.Service\Proxy.Service.csproj", "{9608CD07-99C3-44DB-A109-981A10EBB751}"
EndProject
Project("{FAE04EC0-301F-11D3-BF4B-00C04F79EFBC}") = "Proxy.Service.Host", "Source\Proxy.Service.Host\Proxy.Service.Host.csproj", "{9F4055B9-002D-4FC5-A9C8-763FB5C4CFF3}"
EndProject
Global
	GlobalSection(TeamFoundationVersionControl) = preSolution
		SccNumberOfProjects = 4
		SccEnterpriseProvider = {4CA58AB2-18FA-4F8D-95D4-32DDF27D184C}
		SccTeamFoundationServer = https://tfs.codeplex.com/tfs/tfs07
		SccLocalPath0 = .
		SccProjectUniqueName1 = Source\\Infrastructure\\Proxy.Infrastructure.csproj
		SccProjectName1 = Source/Infrastructure
		SccLocalPath1 = Source\\Infrastructure
		SccProjectUniqueName2 = Source\\Proxy.Service\\Proxy.Service.csproj
		SccProjectName2 = Source/Proxy.Service
		SccLocalPath2 = Source\\Proxy.Service
		SccProjectUniqueName3 = Source\\Proxy.Service.Host\\Proxy.Service.Host.csproj
		SccProjectName3 = Source/Proxy.Service.Host
		SccLocalPath3 = Source\\Proxy.Service.Host
	EndGlobalSection
	GlobalSection(TestCaseManagementSettings) = postSolution
		CategoryFile = WS-Discovery.vsmdi
	EndGlobalSection
	GlobalSection(SolutionConfigurationPlatforms) = preSolution
		Debug|Any CPU = Debug|Any CPU
		Debug|Mixed Platforms = Debug|Mixed Platforms
		Debug|x86 = Debug|x86
		Release|Any CPU = Release|Any CPU
		Release|Mixed Platforms = Release|Mixed Platforms
		Release|x86 = Release|x86
	EndGlobalSection
	GlobalSection(ProjectConfigurationPlatforms) = postSolution
		{37F8ADA9-1888-4D09-84B3-95A2E028A7B8}.Debug|Any CPU.ActiveCfg = Debug|Any CPU
		{37F8ADA9-1888-4D09-84B3-95A2E028A7B8}.Debug|Any CPU.Build.0 = Debug|Any CPU
		{37F8ADA9-1888-4D09-84B3-95A2E028A7B8}.Debug|Mixed Platforms.ActiveCfg = Debug|Any CPU
		{37F8ADA9-1888-4D09-84B3-95A2E028A7B8}.Debug|Mixed Platforms.Build.0 = Debug|Any CPU
		{37F8ADA9-1888-4D09-84B3-95A2E028A7B8}.Debug|x86.ActiveCfg = Debug|Any CPU
		{37F8ADA9-1888-4D09-84B3-95A2E028A7B8}.Release|Any CPU.ActiveCfg = Release|Any CPU
		{37F8ADA9-1888-4D09-84B3-95A2E028A7B8}.Release|Any CPU.Build.0 = Release|Any CPU
		{37F8ADA9-1888-4D09-84B3-95A2E028A7B8}.Release|Mixed Platforms.ActiveCfg = Release|Any CPU
		{37F8ADA9-1888-4D09-84B3-95A2E028A7B8}.Release|Mixed Platforms.Build.0 = Release|Any CPU
		{37F8ADA9-1888-4D09-84B3-95A2E028A7B8}.Release|x86.ActiveCfg = Release|Any CPU
		{9608CD07-99C3-44DB-A109-981A10EBB751}.Debug|Any CPU.ActiveCfg = Debug|Any CPU
		{9608CD07-99C3-44DB-A109-981A10EBB751}.Debug|Any CPU.Build.0 = Debug|Any CPU
		{9608CD07-99C3-44DB-A109-981A10EBB751}.Debug|Mixed Platforms.ActiveCfg = Debug|Any CPU
		{9608CD07-99C3-44DB-A109-981A10EBB751}.Debug|Mixed Platforms.Build.0 = Debug|Any CPU
		{9608CD07-99C3-44DB-A109-981A10EBB751}.Debug|x86.ActiveCfg = Debug|Any CPU
		{9608CD07-99C3-44DB-A109-981A10EBB751}.Release|Any CPU.ActiveCfg = Release|Any CPU
		{9608CD07-99C3-44DB-A109-981A10EBB751}.Release|Any CPU.Build.0 = Release|Any CPU
		{9608CD07-99C3-44DB-A109-981A10EBB751}.Release|Mixed Platforms.ActiveCfg = Release|Any CPU
		{9608CD07-99C3-44DB-A109-981A10EBB751}.Release|Mixed Platforms.Build.0 = Release|Any CPU
		{9608CD07-99C3-44DB-A109-981A10EBB751}.Release|x86.ActiveCfg = Release|Any CPU
		{9F4055B9-002D-4FC5-A9C8-763FB5C4CFF3}.Debug|Any CPU.ActiveCfg = Debug|x86
		{9F4055B9-002D-4FC5-A9C8-763FB5C4CFF3}.Debug|Mixed Platforms.ActiveCfg = Debug|x86
		{9F4055B9-002D-4FC5-A9C8-763FB5C4CFF3}.Debug|Mixed Platforms.Build.0 = Debug|x86
		{9F4055B9-002D-4FC5-A9C8-763FB5C4CFF3}.Debug|x86.ActiveCfg = Debug|x86
		{9F4055B9-002D-4FC5-A9C8-763FB5C4CFF3}.Debug|x86.Build.0 = Debug|x86
		{9F4055B9-002D-4FC5-A9C8-763FB5C4CFF3}.Release|Any CPU.ActiveCfg = Release|x86
		{9F4055B9-002D-4FC5-A9C8-763FB5C4CFF3}.Release|Mixed Platforms.ActiveCfg = Release|x86
		{9F4055B9-002D-4FC5-A9C8-763FB5C4CFF3}.Release|Mixed Platforms.Build.0 = Release|x86
		{9F4055B9-002D-4FC5-A9C8-763FB5C4CFF3}.Release|x86.ActiveCfg = Release|x86
		{9F4055B9-002D-4FC5-A9C8-763FB5C4CFF3}.Release|x86.Build.0 = Release|x86
	EndGlobalSection
	GlobalSection(SolutionProperties) = preSolution
		HideSolutionNode = FALSE
	EndGlobalSection
EndGlobal
