
Microsoft Visual Studio Solution File, Format Version 11.00
# Visual Studio 2010
Project("{FAE04EC0-301F-11D3-BF4B-00C04F79EFBC}") = "Proxy.Infrastructure", "Source\Infrastructure\Proxy.Infrastructure.csproj", "{37F8ADA9-1888-4D09-84B3-95A2E028A7B8}"
EndProject
Project("{FAE04EC0-301F-11D3-BF4B-00C04F79EFBC}") = "Proxy.Service", "Source\Proxy.Service\Proxy.Service.csproj", "{9608CD07-99C3-44DB-A109-981A10EBB751}"
EndProject
Project("{2150E333-8FDC-42A3-9474-1A3956D46DE8}") = "Modules", "Modules", "{F43EB91B-8430-4052-8172-379ED15DD44D}"
EndProject
Project("{FAE04EC0-301F-11D3-BF4B-00C04F79EFBC}") = "Proxy.ProbeModule", "Source\Proxy.ProbeModule\Proxy.ProbeModule.csproj", "{0EEB0C8B-8CB4-4809-9C5B-6066CDED2C48}"
EndProject
Project("{FAE04EC0-301F-11D3-BF4B-00C04F79EFBC}") = "Proxy.ResolveModule", "Source\Proxy.ResolveModule\Proxy.ResolveModule.csproj", "{8CE9FBD5-9CCB-487F-B9DF-A912C68107CA}"
EndProject
Project("{2150E333-8FDC-42A3-9474-1A3956D46DE8}") = "Tests", "Tests", "{C1E149AC-9FE7-495C-B0BD-4EB75A4AF3FC}"
EndProject
Project("{FAE04EC0-301F-11D3-BF4B-00C04F79EFBC}") = "UnitTests", "Tests\UnitTests\UnitTests.csproj", "{42A665E1-3ECD-4476-AD13-2EEC06992348}"
EndProject
Project("{2150E333-8FDC-42A3-9474-1A3956D46DE8}") = "Solution Items", "Solution Items", "{B4F1C817-D9AD-4816-BEE2-CB74D3FAD66C}"
	ProjectSection(SolutionItems) = preProject
		Local.testsettings = Local.testsettings
		TraceAndTestImpact.testsettings = TraceAndTestImpact.testsettings
		WS-Discovery.vsmdi = WS-Discovery.vsmdi
	EndProjectSection
EndProject
Project("{54435603-DBB4-11D2-8724-00A0C9A8B90C}") = "Proxy.Installer", "Source\Proxy.Installer\Proxy.Installer.vdproj", "{654F52BF-6B52-415B-BE11-FE2E2468A8ED}"
EndProject
Project("{FAE04EC0-301F-11D3-BF4B-00C04F79EFBC}") = "ModulesTests", "Tests\ModulesTests\ModulesTests.csproj", "{57D82912-569C-4F6A-A5AA-E03463A0AA49}"
EndProject
Project("{FAE04EC0-301F-11D3-BF4B-00C04F79EFBC}") = "Proxy.Service.Host", "Source\Proxy.Service.Host\Proxy.Service.Host.csproj", "{29C4475D-ABB4-4D0D-977F-2E0871FB9E5F}"
EndProject
Project("{FAE04EC0-301F-11D3-BF4B-00C04F79EFBC}") = "InstallersTests", "Tests\InstallersTests\InstallersTests.csproj", "{754F0371-835D-4043-82B8-E5F3A495938E}"
EndProject
Global
	GlobalSection(TeamFoundationVersionControl) = preSolution
		SccNumberOfProjects = 10
		SccEnterpriseProvider = {4CA58AB2-18FA-4F8D-95D4-32DDF27D184C}
		SccTeamFoundationServer = https://tfs.codeplex.com/tfs/tfs07
		SccLocalPath0 = .
		SccProjectUniqueName1 = Source\\Infrastructure\\Proxy.Infrastructure.csproj
		SccProjectName1 = Source/Infrastructure
		SccLocalPath1 = Source\\Infrastructure
		SccProjectUniqueName2 = Source\\Proxy.Service\\Proxy.Service.csproj
		SccProjectName2 = Source/Proxy.Service
		SccLocalPath2 = Source\\Proxy.Service
		SccProjectUniqueName3 = Source\\Proxy.ProbeModule\\Proxy.ProbeModule.csproj
		SccProjectTopLevelParentUniqueName3 = WS-Discovery.sln
		SccProjectName3 = Source/Proxy.ProbeModule
		SccLocalPath3 = Source\\Proxy.ProbeModule
		SccProjectUniqueName4 = Source\\Proxy.ResolveModule\\Proxy.ResolveModule.csproj
		SccProjectTopLevelParentUniqueName4 = WS-Discovery.sln
		SccProjectName4 = Source/Proxy.ResolveModule
		SccLocalPath4 = Source\\Proxy.ResolveModule
		SccProjectUniqueName5 = Tests\\UnitTests\\UnitTests.csproj
		SccProjectTopLevelParentUniqueName5 = WS-Discovery.sln
		SccProjectName5 = Tests/UnitTests
		SccLocalPath5 = Tests\\UnitTests
		SccProjectUniqueName6 = Source\\Proxy.Installer\\Proxy.Installer.vdproj
		SccProjectName6 = Source/Proxy.Installer
		SccLocalPath6 = Source\\Proxy.Installer
		SccProjectUniqueName7 = Tests\\ModulesTests\\ModulesTests.csproj
		SccProjectTopLevelParentUniqueName7 = WS-Discovery.sln
		SccProjectName7 = Tests/ModulesTests
		SccLocalPath7 = Tests\\ModulesTests
		SccProjectUniqueName8 = Source\\Proxy.Service.Host\\Proxy.Service.Host.csproj
		SccProjectName8 = Source/Proxy.Service.Host
		SccLocalPath8 = Source\\Proxy.Service.Host
		SccProjectUniqueName9 = Tests\\InstallersTests\\InstallersTests.csproj
		SccProjectTopLevelParentUniqueName9 = WS-Discovery.sln
		SccProjectName9 = Tests/InstallersTests
		SccLocalPath9 = Tests\\InstallersTests
	EndGlobalSection
	GlobalSection(TestCaseManagementSettings) = postSolution
		CategoryFile = WS-Discovery.vsmdi
	EndGlobalSection
	GlobalSection(SolutionConfigurationPlatforms) = preSolution
		Debug|Any CPU = Debug|Any CPU
		Debug|Mixed Platforms = Debug|Mixed Platforms
		Debug|x86 = Debug|x86
		Release|Any CPU = Release|Any CPU
		Release|Mixed Platforms = Release|Mixed Platforms
		Release|x86 = Release|x86
	EndGlobalSection
	GlobalSection(ProjectConfigurationPlatforms) = postSolution
		{37F8ADA9-1888-4D09-84B3-95A2E028A7B8}.Debug|Any CPU.ActiveCfg = Debug|Any CPU
		{37F8ADA9-1888-4D09-84B3-95A2E028A7B8}.Debug|Any CPU.Build.0 = Debug|Any CPU
		{37F8ADA9-1888-4D09-84B3-95A2E028A7B8}.Debug|Mixed Platforms.ActiveCfg = Debug|Any CPU
		{37F8ADA9-1888-4D09-84B3-95A2E028A7B8}.Debug|Mixed Platforms.Build.0 = Debug|Any CPU
		{37F8ADA9-1888-4D09-84B3-95A2E028A7B8}.Debug|x86.ActiveCfg = Debug|Any CPU
		{37F8ADA9-1888-4D09-84B3-95A2E028A7B8}.Release|Any CPU.ActiveCfg = Release|Any CPU
		{37F8ADA9-1888-4D09-84B3-95A2E028A7B8}.Release|Any CPU.Build.0 = Release|Any CPU
		{37F8ADA9-1888-4D09-84B3-95A2E028A7B8}.Release|Mixed Platforms.ActiveCfg = Release|Any CPU
		{37F8ADA9-1888-4D09-84B3-95A2E028A7B8}.Release|Mixed Platforms.Build.0 = Release|Any CPU
		{37F8ADA9-1888-4D09-84B3-95A2E028A7B8}.Release|x86.ActiveCfg = Release|Any CPU
		{9608CD07-99C3-44DB-A109-981A10EBB751}.Debug|Any CPU.ActiveCfg = Debug|Any CPU
		{9608CD07-99C3-44DB-A109-981A10EBB751}.Debug|Any CPU.Build.0 = Debug|Any CPU
		{9608CD07-99C3-44DB-A109-981A10EBB751}.Debug|Mixed Platforms.ActiveCfg = Debug|Any CPU
		{9608CD07-99C3-44DB-A109-981A10EBB751}.Debug|Mixed Platforms.Build.0 = Debug|Any CPU
		{9608CD07-99C3-44DB-A109-981A10EBB751}.Debug|x86.ActiveCfg = Debug|Any CPU
		{9608CD07-99C3-44DB-A109-981A10EBB751}.Release|Any CPU.ActiveCfg = Release|Any CPU
		{9608CD07-99C3-44DB-A109-981A10EBB751}.Release|Any CPU.Build.0 = Release|Any CPU
		{9608CD07-99C3-44DB-A109-981A10EBB751}.Release|Mixed Platforms.ActiveCfg = Release|Any CPU
		{9608CD07-99C3-44DB-A109-981A10EBB751}.Release|Mixed Platforms.Build.0 = Release|Any CPU
		{9608CD07-99C3-44DB-A109-981A10EBB751}.Release|x86.ActiveCfg = Release|Any CPU
		{0EEB0C8B-8CB4-4809-9C5B-6066CDED2C48}.Debug|Any CPU.ActiveCfg = Debug|Any CPU
		{0EEB0C8B-8CB4-4809-9C5B-6066CDED2C48}.Debug|Any CPU.Build.0 = Debug|Any CPU
		{0EEB0C8B-8CB4-4809-9C5B-6066CDED2C48}.Debug|Mixed Platforms.ActiveCfg = Debug|Any CPU
		{0EEB0C8B-8CB4-4809-9C5B-6066CDED2C48}.Debug|Mixed Platforms.Build.0 = Debug|Any CPU
		{0EEB0C8B-8CB4-4809-9C5B-6066CDED2C48}.Debug|x86.ActiveCfg = Debug|Any CPU
		{0EEB0C8B-8CB4-4809-9C5B-6066CDED2C48}.Release|Any CPU.ActiveCfg = Release|Any CPU
		{0EEB0C8B-8CB4-4809-9C5B-6066CDED2C48}.Release|Any CPU.Build.0 = Release|Any CPU
		{0EEB0C8B-8CB4-4809-9C5B-6066CDED2C48}.Release|Mixed Platforms.ActiveCfg = Release|Any CPU
		{0EEB0C8B-8CB4-4809-9C5B-6066CDED2C48}.Release|Mixed Platforms.Build.0 = Release|Any CPU
		{0EEB0C8B-8CB4-4809-9C5B-6066CDED2C48}.Release|x86.ActiveCfg = Release|Any CPU
		{8CE9FBD5-9CCB-487F-B9DF-A912C68107CA}.Debug|Any CPU.ActiveCfg = Debug|Any CPU
		{8CE9FBD5-9CCB-487F-B9DF-A912C68107CA}.Debug|Any CPU.Build.0 = Debug|Any CPU
		{8CE9FBD5-9CCB-487F-B9DF-A912C68107CA}.Debug|Mixed Platforms.ActiveCfg = Debug|Any CPU
		{8CE9FBD5-9CCB-487F-B9DF-A912C68107CA}.Debug|Mixed Platforms.Build.0 = Debug|Any CPU
		{8CE9FBD5-9CCB-487F-B9DF-A912C68107CA}.Debug|x86.ActiveCfg = Debug|Any CPU
		{8CE9FBD5-9CCB-487F-B9DF-A912C68107CA}.Release|Any CPU.ActiveCfg = Release|Any CPU
		{8CE9FBD5-9CCB-487F-B9DF-A912C68107CA}.Release|Any CPU.Build.0 = Release|Any CPU
		{8CE9FBD5-9CCB-487F-B9DF-A912C68107CA}.Release|Mixed Platforms.ActiveCfg = Release|Any CPU
		{8CE9FBD5-9CCB-487F-B9DF-A912C68107CA}.Release|Mixed Platforms.Build.0 = Release|Any CPU
		{8CE9FBD5-9CCB-487F-B9DF-A912C68107CA}.Release|x86.ActiveCfg = Release|Any CPU
		{42A665E1-3ECD-4476-AD13-2EEC06992348}.Debug|Any CPU.ActiveCfg = Debug|Any CPU
		{42A665E1-3ECD-4476-AD13-2EEC06992348}.Debug|Any CPU.Build.0 = Debug|Any CPU
		{42A665E1-3ECD-4476-AD13-2EEC06992348}.Debug|Mixed Platforms.ActiveCfg = Debug|Any CPU
		{42A665E1-3ECD-4476-AD13-2EEC06992348}.Debug|Mixed Platforms.Build.0 = Debug|Any CPU
		{42A665E1-3ECD-4476-AD13-2EEC06992348}.Debug|x86.ActiveCfg = Debug|Any CPU
		{42A665E1-3ECD-4476-AD13-2EEC06992348}.Release|Any CPU.ActiveCfg = Release|Any CPU
		{42A665E1-3ECD-4476-AD13-2EEC06992348}.Release|Any CPU.Build.0 = Release|Any CPU
		{42A665E1-3ECD-4476-AD13-2EEC06992348}.Release|Mixed Platforms.ActiveCfg = Release|Any CPU
		{42A665E1-3ECD-4476-AD13-2EEC06992348}.Release|x86.ActiveCfg = Release|Any CPU
		{654F52BF-6B52-415B-BE11-FE2E2468A8ED}.Debug|Any CPU.ActiveCfg = Debug
		{654F52BF-6B52-415B-BE11-FE2E2468A8ED}.Debug|Mixed Platforms.ActiveCfg = Debug
		{654F52BF-6B52-415B-BE11-FE2E2468A8ED}.Debug|x86.ActiveCfg = Debug
		{654F52BF-6B52-415B-BE11-FE2E2468A8ED}.Release|Any CPU.ActiveCfg = Release
		{654F52BF-6B52-415B-BE11-FE2E2468A8ED}.Release|Mixed Platforms.ActiveCfg = Release
		{654F52BF-6B52-415B-BE11-FE2E2468A8ED}.Release|Mixed Platforms.Build.0 = Release
		{654F52BF-6B52-415B-BE11-FE2E2468A8ED}.Release|x86.ActiveCfg = Release
		{57D82912-569C-4F6A-A5AA-E03463A0AA49}.Debug|Any CPU.ActiveCfg = Debug|Any CPU
		{57D82912-569C-4F6A-A5AA-E03463A0AA49}.Debug|Any CPU.Build.0 = Debug|Any CPU
		{57D82912-569C-4F6A-A5AA-E03463A0AA49}.Debug|Mixed Platforms.ActiveCfg = Debug|Any CPU
		{57D82912-569C-4F6A-A5AA-E03463A0AA49}.Debug|Mixed Platforms.Build.0 = Debug|Any CPU
		{57D82912-569C-4F6A-A5AA-E03463A0AA49}.Debug|x86.ActiveCfg = Debug|Any CPU
		{57D82912-569C-4F6A-A5AA-E03463A0AA49}.Release|Any CPU.ActiveCfg = Release|Any CPU
		{57D82912-569C-4F6A-A5AA-E03463A0AA49}.Release|Any CPU.Build.0 = Release|Any CPU
		{57D82912-569C-4F6A-A5AA-E03463A0AA49}.Release|Mixed Platforms.ActiveCfg = Release|Any CPU
		{57D82912-569C-4F6A-A5AA-E03463A0AA49}.Release|x86.ActiveCfg = Release|Any CPU
		{29C4475D-ABB4-4D0D-977F-2E0871FB9E5F}.Debug|Any CPU.ActiveCfg = Debug|x86
		{29C4475D-ABB4-4D0D-977F-2E0871FB9E5F}.Debug|Mixed Platforms.ActiveCfg = Debug|Any CPU
		{29C4475D-ABB4-4D0D-977F-2E0871FB9E5F}.Debug|Mixed Platforms.Build.0 = Debug|Any CPU
		{29C4475D-ABB4-4D0D-977F-2E0871FB9E5F}.Debug|x86.ActiveCfg = Debug|x86
		{29C4475D-ABB4-4D0D-977F-2E0871FB9E5F}.Debug|x86.Build.0 = Debug|x86
		{29C4475D-ABB4-4D0D-977F-2E0871FB9E5F}.Release|Any CPU.ActiveCfg = Release|x86
		{29C4475D-ABB4-4D0D-977F-2E0871FB9E5F}.Release|Mixed Platforms.ActiveCfg = Release|Any CPU
		{29C4475D-ABB4-4D0D-977F-2E0871FB9E5F}.Release|Mixed Platforms.Build.0 = Release|Any CPU
		{29C4475D-ABB4-4D0D-977F-2E0871FB9E5F}.Release|x86.ActiveCfg = Release|x86
		{29C4475D-ABB4-4D0D-977F-2E0871FB9E5F}.Release|x86.Build.0 = Release|x86
		{754F0371-835D-4043-82B8-E5F3A495938E}.Debug|Any CPU.ActiveCfg = Debug|Any CPU
		{754F0371-835D-4043-82B8-E5F3A495938E}.Debug|Any CPU.Build.0 = Debug|Any CPU
		{754F0371-835D-4043-82B8-E5F3A495938E}.Debug|Mixed Platforms.ActiveCfg = Debug|Any CPU
		{754F0371-835D-4043-82B8-E5F3A495938E}.Debug|Mixed Platforms.Build.0 = Debug|Any CPU
		{754F0371-835D-4043-82B8-E5F3A495938E}.Debug|x86.ActiveCfg = Debug|Any CPU
		{754F0371-835D-4043-82B8-E5F3A495938E}.Release|Any CPU.ActiveCfg = Release|Any CPU
		{754F0371-835D-4043-82B8-E5F3A495938E}.Release|Any CPU.Build.0 = Release|Any CPU
		{754F0371-835D-4043-82B8-E5F3A495938E}.Release|Mixed Platforms.ActiveCfg = Release|Any CPU
		{754F0371-835D-4043-82B8-E5F3A495938E}.Release|Mixed Platforms.Build.0 = Release|Any CPU
		{754F0371-835D-4043-82B8-E5F3A495938E}.Release|x86.ActiveCfg = Release|Any CPU
	EndGlobalSection
	GlobalSection(SolutionProperties) = preSolution
		HideSolutionNode = FALSE
	EndGlobalSection
	GlobalSection(NestedProjects) = preSolution
		{0EEB0C8B-8CB4-4809-9C5B-6066CDED2C48} = {F43EB91B-8430-4052-8172-379ED15DD44D}
		{8CE9FBD5-9CCB-487F-B9DF-A912C68107CA} = {F43EB91B-8430-4052-8172-379ED15DD44D}
		{42A665E1-3ECD-4476-AD13-2EEC06992348} = {C1E149AC-9FE7-495C-B0BD-4EB75A4AF3FC}
		{57D82912-569C-4F6A-A5AA-E03463A0AA49} = {C1E149AC-9FE7-495C-B0BD-4EB75A4AF3FC}
		{754F0371-835D-4043-82B8-E5F3A495938E} = {C1E149AC-9FE7-495C-B0BD-4EB75A4AF3FC}
	EndGlobalSection
EndGlobal
