
Microsoft Visual Studio Solution File, Format Version 11.00
# Visual Studio 2010
Project("{FAE04EC0-301F-11D3-BF4B-00C04F79EFBC}") = "Proxy.Infrastructure", "Source\Infrastructure\Proxy.Infrastructure.csproj", "{37F8ADA9-1888-4D09-84B3-95A2E028A7B8}"
EndProject
Project("{FAE04EC0-301F-11D3-BF4B-00C04F79EFBC}") = "Proxy.Service", "Source\Proxy.Service\Proxy.Service.csproj", "{9608CD07-99C3-44DB-A109-981A10EBB751}"
EndProject
Project("{2150E333-8FDC-42A3-9474-1A3956D46DE8}") = "Modules", "Modules", "{F43EB91B-8430-4052-8172-379ED15DD44D}"
EndProject
Project("{FAE04EC0-301F-11D3-BF4B-00C04F79EFBC}") = "Proxy.ProbeModule", "Source\Proxy.ProbeModule\Proxy.ProbeModule.csproj", "{0EEB0C8B-8CB4-4809-9C5B-6066CDED2C48}"
EndProject
Project("{FAE04EC0-301F-11D3-BF4B-00C04F79EFBC}") = "Proxy.ResolveModule", "Source\Proxy.ResolveModule\Proxy.ResolveModule.csproj", "{8CE9FBD5-9CCB-487F-B9DF-A912C68107CA}"
EndProject
Global
	GlobalSection(TeamFoundationVersionControl) = preSolution
		SccNumberOfProjects = 5
		SccEnterpriseProvider = {4CA58AB2-18FA-4F8D-95D4-32DDF27D184C}
		SccTeamFoundationServer = https://tfs.codeplex.com/tfs/tfs07
		SccLocalPath0 = .
		SccProjectUniqueName1 = Source\\Infrastructure\\Proxy.Infrastructure.csproj
		SccProjectName1 = Source/Infrastructure
		SccLocalPath1 = Source\\Infrastructure
		SccProjectUniqueName2 = Source\\Proxy.Service\\Proxy.Service.csproj
		SccProjectName2 = Source/Proxy.Service
		SccLocalPath2 = Source\\Proxy.Service
		SccProjectUniqueName3 = Source\\Proxy.ProbeModule\\Proxy.ProbeModule.csproj
		SccProjectTopLevelParentUniqueName3 = WS-Discovery.sln
		SccProjectName3 = Source/Proxy.ProbeModule
		SccLocalPath3 = Source\\Proxy.ProbeModule
		SccProjectUniqueName4 = Source\\Proxy.ResolveModule\\Proxy.ResolveModule.csproj
		SccProjectTopLevelParentUniqueName4 = WS-Discovery.sln
		SccProjectName4 = Source/Proxy.ResolveModule
		SccLocalPath4 = Source\\Proxy.ResolveModule
	EndGlobalSection
	GlobalSection(TestCaseManagementSettings) = postSolution
		CategoryFile = WS-Discovery.vsmdi
	EndGlobalSection
	GlobalSection(SolutionConfigurationPlatforms) = preSolution
		Debug|Any CPU = Debug|Any CPU
		Debug|Mixed Platforms = Debug|Mixed Platforms
		Debug|x86 = Debug|x86
		Release|Any CPU = Release|Any CPU
		Release|Mixed Platforms = Release|Mixed Platforms
		Release|x86 = Release|x86
	EndGlobalSection
	GlobalSection(ProjectConfigurationPlatforms) = postSolution
		{37F8ADA9-1888-4D09-84B3-95A2E028A7B8}.Debug|Any CPU.ActiveCfg = Debug|Any CPU
		{37F8ADA9-1888-4D09-84B3-95A2E028A7B8}.Debug|Any CPU.Build.0 = Debug|Any CPU
		{37F8ADA9-1888-4D09-84B3-95A2E028A7B8}.Debug|Mixed Platforms.ActiveCfg = Debug|Any CPU
		{37F8ADA9-1888-4D09-84B3-95A2E028A7B8}.Debug|Mixed Platforms.Build.0 = Debug|Any CPU
		{37F8ADA9-1888-4D09-84B3-95A2E028A7B8}.Debug|x86.ActiveCfg = Debug|Any CPU
		{37F8ADA9-1888-4D09-84B3-95A2E028A7B8}.Release|Any CPU.ActiveCfg = Release|Any CPU
		{37F8ADA9-1888-4D09-84B3-95A2E028A7B8}.Release|Any CPU.Build.0 = Release|Any CPU
		{37F8ADA9-1888-4D09-84B3-95A2E028A7B8}.Release|Mixed Platforms.ActiveCfg = Release|Any CPU
		{37F8ADA9-1888-4D09-84B3-95A2E028A7B8}.Release|Mixed Platforms.Build.0 = Release|Any CPU
		{37F8ADA9-1888-4D09-84B3-95A2E028A7B8}.Release|x86.ActiveCfg = Release|Any CPU
		{9608CD07-99C3-44DB-A109-981A10EBB751}.Debug|Any CPU.ActiveCfg = Debug|Any CPU
		{9608CD07-99C3-44DB-A109-981A10EBB751}.Debug|Any CPU.Build.0 = Debug|Any CPU
		{9608CD07-99C3-44DB-A109-981A10EBB751}.Debug|Mixed Platforms.ActiveCfg = Debug|Any CPU
		{9608CD07-99C3-44DB-A109-981A10EBB751}.Debug|Mixed Platforms.Build.0 = Debug|Any CPU
		{9608CD07-99C3-44DB-A109-981A10EBB751}.Debug|x86.ActiveCfg = Debug|Any CPU
		{9608CD07-99C3-44DB-A109-981A10EBB751}.Release|Any CPU.ActiveCfg = Release|Any CPU
		{9608CD07-99C3-44DB-A109-981A10EBB751}.Release|Any CPU.Build.0 = Release|Any CPU
		{9608CD07-99C3-44DB-A109-981A10EBB751}.Release|Mixed Platforms.ActiveCfg = Release|Any CPU
		{9608CD07-99C3-44DB-A109-981A10EBB751}.Release|Mixed Platforms.Build.0 = Release|Any CPU
		{9608CD07-99C3-44DB-A109-981A10EBB751}.Release|x86.ActiveCfg = Release|Any CPU
		{0EEB0C8B-8CB4-4809-9C5B-6066CDED2C48}.Debug|Any CPU.ActiveCfg = Debug|Any CPU
		{0EEB0C8B-8CB4-4809-9C5B-6066CDED2C48}.Debug|Any CPU.Build.0 = Debug|Any CPU
		{0EEB0C8B-8CB4-4809-9C5B-6066CDED2C48}.Debug|Mixed Platforms.ActiveCfg = Debug|Any CPU
		{0EEB0C8B-8CB4-4809-9C5B-6066CDED2C48}.Debug|Mixed Platforms.Build.0 = Debug|Any CPU
		{0EEB0C8B-8CB4-4809-9C5B-6066CDED2C48}.Debug|x86.ActiveCfg = Debug|Any CPU
		{0EEB0C8B-8CB4-4809-9C5B-6066CDED2C48}.Release|Any CPU.ActiveCfg = Release|Any CPU
		{0EEB0C8B-8CB4-4809-9C5B-6066CDED2C48}.Release|Any CPU.Build.0 = Release|Any CPU
		{0EEB0C8B-8CB4-4809-9C5B-6066CDED2C48}.Release|Mixed Platforms.ActiveCfg = Release|Any CPU
		{0EEB0C8B-8CB4-4809-9C5B-6066CDED2C48}.Release|Mixed Platforms.Build.0 = Release|Any CPU
		{0EEB0C8B-8CB4-4809-9C5B-6066CDED2C48}.Release|x86.ActiveCfg = Release|Any CPU
		{8CE9FBD5-9CCB-487F-B9DF-A912C68107CA}.Debug|Any CPU.ActiveCfg = Debug|Any CPU
		{8CE9FBD5-9CCB-487F-B9DF-A912C68107CA}.Debug|Any CPU.Build.0 = Debug|Any CPU
		{8CE9FBD5-9CCB-487F-B9DF-A912C68107CA}.Debug|Mixed Platforms.ActiveCfg = Debug|Any CPU
		{8CE9FBD5-9CCB-487F-B9DF-A912C68107CA}.Debug|Mixed Platforms.Build.0 = Debug|Any CPU
		{8CE9FBD5-9CCB-487F-B9DF-A912C68107CA}.Debug|x86.ActiveCfg = Debug|Any CPU
		{8CE9FBD5-9CCB-487F-B9DF-A912C68107CA}.Release|Any CPU.ActiveCfg = Release|Any CPU
		{8CE9FBD5-9CCB-487F-B9DF-A912C68107CA}.Release|Any CPU.Build.0 = Release|Any CPU
		{8CE9FBD5-9CCB-487F-B9DF-A912C68107CA}.Release|Mixed Platforms.ActiveCfg = Release|Any CPU
		{8CE9FBD5-9CCB-487F-B9DF-A912C68107CA}.Release|Mixed Platforms.Build.0 = Release|Any CPU
		{8CE9FBD5-9CCB-487F-B9DF-A912C68107CA}.Release|x86.ActiveCfg = Release|Any CPU
	EndGlobalSection
	GlobalSection(SolutionProperties) = preSolution
		HideSolutionNode = FALSE
	EndGlobalSection
	GlobalSection(NestedProjects) = preSolution
		{0EEB0C8B-8CB4-4809-9C5B-6066CDED2C48} = {F43EB91B-8430-4052-8172-379ED15DD44D}
		{8CE9FBD5-9CCB-487F-B9DF-A912C68107CA} = {F43EB91B-8430-4052-8172-379ED15DD44D}
	EndGlobalSection
EndGlobal
